
Microsoft Visual Studio Solution File, Format Version 12.00
# Visual Studio 15
VisualStudioVersion = 15.0.28307.1000
MinimumVisualStudioVersion = 10.0.40219.1
Project("{9A19103F-16F7-4668-BE54-9A1E7A4F7556}") = "TesteWebAPI", "TesteWebAPI\TesteWebAPI.csproj", "{516E7218-D96C-41DB-B3A2-7AA71C7B02BE}"
EndProject
Project("{9A19103F-16F7-4668-BE54-9A1E7A4F7556}") = "TesteDoTesteWebAPI", "TesteDoTesteWebAPI\TesteDoTesteWebAPI.csproj", "{E445988A-BA45-4C83-8AE8-EDAC532D60B5}"
EndProject
Project("{FAE04EC0-301F-11D3-BF4B-00C04F79EFBC}") = "Model", "Model\Model.csproj", "{4CA5BB11-8C02-46D1-8719-D7F37F29F81B}"
EndProject
Global
	GlobalSection(SolutionConfigurationPlatforms) = preSolution
		Debug|Any CPU = Debug|Any CPU
		Release|Any CPU = Release|Any CPU
	EndGlobalSection
	GlobalSection(ProjectConfigurationPlatforms) = postSolution
		{516E7218-D96C-41DB-B3A2-7AA71C7B02BE}.Debug|Any CPU.ActiveCfg = Debug|Any CPU
		{516E7218-D96C-41DB-B3A2-7AA71C7B02BE}.Debug|Any CPU.Build.0 = Debug|Any CPU
		{516E7218-D96C-41DB-B3A2-7AA71C7B02BE}.Release|Any CPU.ActiveCfg = Release|Any CPU
		{516E7218-D96C-41DB-B3A2-7AA71C7B02BE}.Release|Any CPU.Build.0 = Release|Any CPU
		{E445988A-BA45-4C83-8AE8-EDAC532D60B5}.Debug|Any CPU.ActiveCfg = Debug|Any CPU
		{E445988A-BA45-4C83-8AE8-EDAC532D60B5}.Debug|Any CPU.Build.0 = Debug|Any CPU
		{E445988A-BA45-4C83-8AE8-EDAC532D60B5}.Release|Any CPU.ActiveCfg = Release|Any CPU
		{E445988A-BA45-4C83-8AE8-EDAC532D60B5}.Release|Any CPU.Build.0 = Release|Any CPU
		{4CA5BB11-8C02-46D1-8719-D7F37F29F81B}.Debug|Any CPU.ActiveCfg = Debug|Any CPU
		{4CA5BB11-8C02-46D1-8719-D7F37F29F81B}.Debug|Any CPU.Build.0 = Debug|Any CPU
		{4CA5BB11-8C02-46D1-8719-D7F37F29F81B}.Release|Any CPU.ActiveCfg = Release|Any CPU
		{4CA5BB11-8C02-46D1-8719-D7F37F29F81B}.Release|Any CPU.Build.0 = Release|Any CPU
	EndGlobalSection
	GlobalSection(SolutionProperties) = preSolution
		HideSolutionNode = FALSE
	EndGlobalSection
	GlobalSection(ExtensibilityGlobals) = postSolution
		SolutionGuid = {7F53DD1E-E1BD-4E8D-BDDE-27CBC48D2FE3}
	EndGlobalSection
EndGlobal
