
Microsoft Visual Studio Solution File, Format Version 12.00
# Visual Studio 15
VisualStudioVersion = 15.0.28307.1000
MinimumVisualStudioVersion = 10.0.40219.1
Project("{FAE04EC0-301F-11D3-BF4B-00C04F79EFBC}") = "Aula5", "Aula5\Aula5.csproj", "{1A8BEA41-B1F2-44AB-879F-4C5D0D68A728}"
EndProject
Project("{FAE04EC0-301F-11D3-BF4B-00C04F79EFBC}") = "WebApplication1", "WebApplication1\WebApplication1.csproj", "{3A30505D-35F3-4E80-84BF-D6D8465C8A25}"
EndProject
Project("{FAE04EC0-301F-11D3-BF4B-00C04F79EFBC}") = "Model", "Model\Model.csproj", "{E9E29912-8890-4266-858F-B17C45CB9C73}"
EndProject
Global
	GlobalSection(SolutionConfigurationPlatforms) = preSolution
		Debug|Any CPU = Debug|Any CPU
		Release|Any CPU = Release|Any CPU
	EndGlobalSection
	GlobalSection(ProjectConfigurationPlatforms) = postSolution
		{1A8BEA41-B1F2-44AB-879F-4C5D0D68A728}.Debug|Any CPU.ActiveCfg = Debug|Any CPU
		{1A8BEA41-B1F2-44AB-879F-4C5D0D68A728}.Debug|Any CPU.Build.0 = Debug|Any CPU
		{1A8BEA41-B1F2-44AB-879F-4C5D0D68A728}.Release|Any CPU.ActiveCfg = Release|Any CPU
		{1A8BEA41-B1F2-44AB-879F-4C5D0D68A728}.Release|Any CPU.Build.0 = Release|Any CPU
		{3A30505D-35F3-4E80-84BF-D6D8465C8A25}.Debug|Any CPU.ActiveCfg = Debug|Any CPU
		{3A30505D-35F3-4E80-84BF-D6D8465C8A25}.Debug|Any CPU.Build.0 = Debug|Any CPU
		{3A30505D-35F3-4E80-84BF-D6D8465C8A25}.Release|Any CPU.ActiveCfg = Release|Any CPU
		{3A30505D-35F3-4E80-84BF-D6D8465C8A25}.Release|Any CPU.Build.0 = Release|Any CPU
		{E9E29912-8890-4266-858F-B17C45CB9C73}.Debug|Any CPU.ActiveCfg = Debug|Any CPU
		{E9E29912-8890-4266-858F-B17C45CB9C73}.Debug|Any CPU.Build.0 = Debug|Any CPU
		{E9E29912-8890-4266-858F-B17C45CB9C73}.Release|Any CPU.ActiveCfg = Release|Any CPU
		{E9E29912-8890-4266-858F-B17C45CB9C73}.Release|Any CPU.Build.0 = Release|Any CPU
	EndGlobalSection
	GlobalSection(SolutionProperties) = preSolution
		HideSolutionNode = FALSE
	EndGlobalSection
	GlobalSection(ExtensibilityGlobals) = postSolution
		SolutionGuid = {1F430FDB-97D6-4FA2-B525-E7BBA022A1D7}
	EndGlobalSection
EndGlobal
