
Microsoft Visual Studio Solution File, Format Version 12.00
# Visual Studio 15
VisualStudioVersion = 15.0.28307.1000
MinimumVisualStudioVersion = 10.0.40219.1
Project("{9A19103F-16F7-4668-BE54-9A1E7A4F7556}") = "Aula_4", "Aula_4\Aula_4.csproj", "{26B683A9-B743-4858-8558-CDE443138D40}"
EndProject
Project("{9A19103F-16F7-4668-BE54-9A1E7A4F7556}") = "Aula4_2", "Aula4_2\Aula4_2.csproj", "{AB29A635-6D17-4BEE-9276-27644F5FEBE0}"
EndProject
Project("{9A19103F-16F7-4668-BE54-9A1E7A4F7556}") = "TesteAula4", "TesteAula4\TesteAula4.csproj", "{CE20C402-73B4-4D3B-A430-46669E3F1287}"
EndProject
Project("{FAE04EC0-301F-11D3-BF4B-00C04F79EFBC}") = "Exercicios", "Exercicios\Exercicios.csproj", "{E7A2DC03-4270-43CE-98F0-2743ADC09879}"
EndProject
Global
	GlobalSection(SolutionConfigurationPlatforms) = preSolution
		Debug|Any CPU = Debug|Any CPU
		Release|Any CPU = Release|Any CPU
	EndGlobalSection
	GlobalSection(ProjectConfigurationPlatforms) = postSolution
		{26B683A9-B743-4858-8558-CDE443138D40}.Debug|Any CPU.ActiveCfg = Debug|Any CPU
		{26B683A9-B743-4858-8558-CDE443138D40}.Debug|Any CPU.Build.0 = Debug|Any CPU
		{26B683A9-B743-4858-8558-CDE443138D40}.Release|Any CPU.ActiveCfg = Release|Any CPU
		{26B683A9-B743-4858-8558-CDE443138D40}.Release|Any CPU.Build.0 = Release|Any CPU
		{AB29A635-6D17-4BEE-9276-27644F5FEBE0}.Debug|Any CPU.ActiveCfg = Debug|Any CPU
		{AB29A635-6D17-4BEE-9276-27644F5FEBE0}.Debug|Any CPU.Build.0 = Debug|Any CPU
		{AB29A635-6D17-4BEE-9276-27644F5FEBE0}.Release|Any CPU.ActiveCfg = Release|Any CPU
		{AB29A635-6D17-4BEE-9276-27644F5FEBE0}.Release|Any CPU.Build.0 = Release|Any CPU
		{CE20C402-73B4-4D3B-A430-46669E3F1287}.Debug|Any CPU.ActiveCfg = Debug|Any CPU
		{CE20C402-73B4-4D3B-A430-46669E3F1287}.Debug|Any CPU.Build.0 = Debug|Any CPU
		{CE20C402-73B4-4D3B-A430-46669E3F1287}.Release|Any CPU.ActiveCfg = Release|Any CPU
		{CE20C402-73B4-4D3B-A430-46669E3F1287}.Release|Any CPU.Build.0 = Release|Any CPU
		{E7A2DC03-4270-43CE-98F0-2743ADC09879}.Debug|Any CPU.ActiveCfg = Debug|Any CPU
		{E7A2DC03-4270-43CE-98F0-2743ADC09879}.Debug|Any CPU.Build.0 = Debug|Any CPU
		{E7A2DC03-4270-43CE-98F0-2743ADC09879}.Release|Any CPU.ActiveCfg = Release|Any CPU
		{E7A2DC03-4270-43CE-98F0-2743ADC09879}.Release|Any CPU.Build.0 = Release|Any CPU
	EndGlobalSection
	GlobalSection(SolutionProperties) = preSolution
		HideSolutionNode = FALSE
	EndGlobalSection
	GlobalSection(ExtensibilityGlobals) = postSolution
		SolutionGuid = {11174A22-C768-41F6-B509-B0D9C35E02C4}
	EndGlobalSection
EndGlobal
